
Microsoft Visual Studio Solution File, Format Version 12.00
# Visual Studio 15
VisualStudioVersion = 15.0.28307.421
MinimumVisualStudioVersion = 10.0.40219.1
Project("{FAE04EC0-301F-11D3-BF4B-00C04F79EFBC}") = "Common", "Common\Common.csproj", "{893063B5-5DB0-4838-9C51-4655069B4B4F}"
EndProject
Project("{FAE04EC0-301F-11D3-BF4B-00C04F79EFBC}") = "018", "018\018.csproj", "{B42BE213-8C36-4648-9207-59770AFFCF16}"
EndProject
Project("{FAE04EC0-301F-11D3-BF4B-00C04F79EFBC}") = "012", "012\012.csproj", "{DC6C4B31-B9F3-449B-92F3-6959756BC133}"
EndProject
Project("{FAE04EC0-301F-11D3-BF4B-00C04F79EFBC}") = "017", "017\017.csproj", "{FCAEF78C-078F-45E2-AD18-2BCC63779342}"
EndProject
Project("{FAE04EC0-301F-11D3-BF4B-00C04F79EFBC}") = "013", "013\013.csproj", "{FECA1266-D678-4F94-8231-686E99D47856}"
EndProject
Project("{FAE04EC0-301F-11D3-BF4B-00C04F79EFBC}") = "019", "019\019.csproj", "{4D12C600-B251-4C4D-9E79-BEDC37A32B20}"
EndProject
Project("{FAE04EC0-301F-11D3-BF4B-00C04F79EFBC}") = "024", "024\024.csproj", "{57BA9B82-45AB-4EE3-894C-E46FECAB6973}"
EndProject
Project("{FAE04EC0-301F-11D3-BF4B-00C04F79EFBC}") = "031", "031\031.csproj", "{14342F8C-1EB0-46E6-9B95-9CCE1F7FD2F0}"
EndProject
Project("{FAE04EC0-301F-11D3-BF4B-00C04F79EFBC}") = "038", "038\038.csproj", "{1B38D986-EB44-4650-8BBF-DD7CB6BE609C}"
EndProject
Project("{FAE04EC0-301F-11D3-BF4B-00C04F79EFBC}") = "065", "065\065.csproj", "{7B2997E3-3E39-4744-B829-D84414D9B5F1}"
EndProject
Project("{FAE04EC0-301F-11D3-BF4B-00C04F79EFBC}") = "046", "046\046.csproj", "{2A2C7D39-344D-49B0-8717-DBE250928B3F}"
EndProject
Project("{FAE04EC0-301F-11D3-BF4B-00C04F79EFBC}") = "057", "057\057.csproj", "{BEE527C2-CA32-47A8-8506-E61635CF9635}"
EndProject
Project("{FAE04EC0-301F-11D3-BF4B-00C04F79EFBC}") = "087", "087\087.csproj", "{353C0B0D-47C2-48E1-BBB1-F432DA6302E9}"
EndProject
Project("{FAE04EC0-301F-11D3-BF4B-00C04F79EFBC}") = "020", "020\020.csproj", "{493ED2B2-5E7C-4ACE-B990-5EF5E3433882}"
EndProject
Project("{FAE04EC0-301F-11D3-BF4B-00C04F79EFBC}") = "034", "034\034.csproj", "{05A0527A-7083-48E8-BED5-AAF4BABB2B91}"
EndProject
Project("{FAE04EC0-301F-11D3-BF4B-00C04F79EFBC}") = "036", "036\036.csproj", "{C8528B35-7371-4751-B1A3-04BE13A19B7D}"
EndProject
Project("{FAE04EC0-301F-11D3-BF4B-00C04F79EFBC}") = "016", "016\016.csproj", "{F7D5C537-768A-4C9F-BBD4-D82C694B0DFF}"
EndProject
Project("{FAE04EC0-301F-11D3-BF4B-00C04F79EFBC}") = "053", "053\053.csproj", "{7448FF62-CC4C-42BE-88D4-BCACDC359D2C}"
EndProject
Project("{FAE04EC0-301F-11D3-BF4B-00C04F79EFBC}") = "084", "084\084.csproj", "{8853B5DB-2572-4594-B217-91D25C9B5A56}"
EndProject
Project("{FAE04EC0-301F-11D3-BF4B-00C04F79EFBC}") = "QbeiAgencies_BL", "QbeiAgencies_BL\QbeiAgencies_BL.csproj", "{722B5627-EC33-451A-97A2-B7DA9D49E409}"
EndProject
Project("{FAE04EC0-301F-11D3-BF4B-00C04F79EFBC}") = "QbeiAgencies_Common", "QbeiAgencies_Common\QbeiAgencies_Common.csproj", "{5E0592CD-50B7-4EEF-856E-162DC61B9372}"
EndProject
Project("{FAE04EC0-301F-11D3-BF4B-00C04F79EFBC}") = "QbeiAgencies_DL", "QbeiAgencies_DL\QbeiAgencies_DL.csproj", "{635420E9-3984-496C-A814-660B916AFBB3}"
EndProject
Project("{FAE04EC0-301F-11D3-BF4B-00C04F79EFBC}") = "SendEmail", "SendEmail\SendEmail.csproj", "{AD5A8DEB-86C7-4B28-83DB-3BA3FF72E51F}"
EndProject
Project("{FAE04EC0-301F-11D3-BF4B-00C04F79EFBC}") = "011", "011\011.csproj", "{E394E1A5-0D45-40B6-B1C3-206E3022F56F}"
EndProject
Project("{FAE04EC0-301F-11D3-BF4B-00C04F79EFBC}") = "QbeiAgeincies_Web", "QbeiAgeincies_Web\QbeiAgeincies_Web.csproj", "{EB6339EB-C22E-476C-98CB-BDD103AC9D28}"
EndProject
Project("{FAE04EC0-301F-11D3-BF4B-00C04F79EFBC}") = "siteData", "siteData\siteData.csproj", "{8136DFBC-70B4-4123-89EE-B2F8F9919FC0}"
EndProject
Project("{FAE04EC0-301F-11D3-BF4B-00C04F79EFBC}") = "FileUpload", "FileUpload\FileUpload.csproj", "{0BBFD5A4-AF67-4779-BDAA-A331A596EFBF}"
EndProject
Project("{FAE04EC0-301F-11D3-BF4B-00C04F79EFBC}") = "030", "030\030.csproj", "{675D93C2-6338-485D-87B0-671CB4C94826}"
EndProject
Project("{FAE04EC0-301F-11D3-BF4B-00C04F79EFBC}") = "ResetFlag", "ResetFlag\ResetFlag.csproj", "{6C36156B-D356-41AC-AE02-698DDB20DF9F}"
EndProject
Project("{FAE04EC0-301F-11D3-BF4B-00C04F79EFBC}") = "35", "35\35.csproj", "{5113EE27-138A-4D0E-B8B9-39BBB7793A13}"
EndProject
Project("{FAE04EC0-301F-11D3-BF4B-00C04F79EFBC}") = "143", "143\143.csproj", "{6330DD61-FF67-4314-8535-B2F22364012B}"
EndProject
Project("{FAE04EC0-301F-11D3-BF4B-00C04F79EFBC}") = "139", "139\139.csproj", "{8F4448CD-5E13-40CE-A08F-C0C5A1B37E9F}"
EndProject
Project("{FAE04EC0-301F-11D3-BF4B-00C04F79EFBC}") = "ConsoleApplication1", "ConsoleApplication1\ConsoleApplication1\ConsoleApplication1.csproj", "{4FAC71ED-E718-493D-8E6C-3DA057DE5FA2}"
EndProject
Project("{FAE04EC0-301F-11D3-BF4B-00C04F79EFBC}") = "OrderData_BL", "ConsoleApplication1\OrderData_BL\OrderData_BL.csproj", "{83B70CEF-AFF4-4DC2-8659-4764D32352D3}"
EndProject
Project("{FAE04EC0-301F-11D3-BF4B-00C04F79EFBC}") = "OrderData_DL", "ConsoleApplication1\OrderData_DL\OrderData_DL.csproj", "{B40E4F80-ED49-432B-9B0B-E889506D9895}"
EndProject
Project("{FAE04EC0-301F-11D3-BF4B-00C04F79EFBC}") = "Import_Data_From_FTP", "Import_Data_From_FTP\Import_Data_From_FTP.csproj", "{A93F99C7-0F48-45A6-BFAC-7F7B4788F18A}"
EndProject
Project("{FAE04EC0-301F-11D3-BF4B-00C04F79EFBC}") = "059", "059\059.csproj", "{17EDA41A-CE1D-43AF-8347-5922E656BA2E}"
EndProject
Project("{FAE04EC0-301F-11D3-BF4B-00C04F79EFBC}") = "037_Chrome", "037_Chrome\037_Chrome.csproj", "{A7D1F43B-FCBC-4629-967D-7F2B1F87EAFF}"
EndProject
Project("{FAE04EC0-301F-11D3-BF4B-00C04F79EFBC}") = "914", "914\914.csproj", "{FFED9CAC-1CDF-416D-A8A5-747E15CB62D3}"
EndProject
Project("{FAE04EC0-301F-11D3-BF4B-00C04F79EFBC}") = "916_Chrome", "916_Chrome\916_Chrome.csproj", "{421EBF1C-0F27-49C7-A732-0EA71EBE5468}"
EndProject
Project("{FAE04EC0-301F-11D3-BF4B-00C04F79EFBC}") = "0035", "0035\0035.csproj", "{A24846FE-3D6C-4661-81B3-2CC19A371C28}"
EndProject
Project("{FAE04EC0-301F-11D3-BF4B-00C04F79EFBC}") = "035", "035\035.csproj", "{4B567320-1881-4C7A-90D0-E818B37382E8}"
EndProject
Project("{2150E333-8FDC-42A3-9474-1A3956D46DE8}") = "DLL", "DLL", "{CB902E28-308F-434C-9ACB-AE3D29A48196}"
	ProjectSection(SolutionItems) = preProject
		DLL\HtmlAgilityPack.dll = DLL\HtmlAgilityPack.dll
		DLL\Interop.SHDocVw.dll = DLL\Interop.SHDocVw.dll
		DLL\ionic.zip.dll = DLL\ionic.zip.dll
		DLL\LumenWorks.Framework.IO.dll = DLL\LumenWorks.Framework.IO.dll
		DLL\SeleniumExtras.WaitHelpers.dll = DLL\SeleniumExtras.WaitHelpers.dll
		DLL\WebDriver.dll = DLL\WebDriver.dll
	EndProjectSection
EndProject
Project("{FAE04EC0-301F-11D3-BF4B-00C04F79EFBC}") = "014-chrome", "014-chrome\014-chrome.csproj", "{EF959793-CDB0-4CE2-A0C9-EB30730FBD79}"
EndProject
Project("{FAE04EC0-301F-11D3-BF4B-00C04F79EFBC}") = "023", "023\023.csproj", "{300F650B-F47F-453F-B644-E7D1DCACC5C7}"
EndProject
Project("{FAE04EC0-301F-11D3-BF4B-00C04F79EFBC}") = "124-Mizutani", "124-Mizutani\124-Mizutani.csproj", "{72A9BC79-7191-4E83-BF51-90D745C784E3}"
EndProject
Project("{FAE04EC0-301F-11D3-BF4B-00C04F79EFBC}") = "110", "110\110.csproj", "{3EAE7675-7AA9-4218-8A7E-D1FA34BAFFF5}"
EndProject
Project("{FAE04EC0-301F-11D3-BF4B-00C04F79EFBC}") = "110_Chrome", "110_Chrome\110_Chrome.csproj", "{14FABD69-25E2-4E32-99B0-D627C7FABB8F}"
EndProject
Project("{FAE04EC0-301F-11D3-BF4B-00C04F79EFBC}") = "051_Chrome", "051_Chrome\051_Chrome.csproj", "{80143C33-FF7F-410E-8EA3-D425645D7CBC}"
EndProject
Global
	GlobalSection(SolutionConfigurationPlatforms) = preSolution
		Debug|Any CPU = Debug|Any CPU
		Debug|Mixed Platforms = Debug|Mixed Platforms
		Debug|x86 = Debug|x86
		Release|Any CPU = Release|Any CPU
		Release|Mixed Platforms = Release|Mixed Platforms
		Release|x86 = Release|x86
	EndGlobalSection
	GlobalSection(ProjectConfigurationPlatforms) = postSolution
		{893063B5-5DB0-4838-9C51-4655069B4B4F}.Debug|Any CPU.ActiveCfg = Debug|Any CPU
		{893063B5-5DB0-4838-9C51-4655069B4B4F}.Debug|Any CPU.Build.0 = Debug|Any CPU
		{893063B5-5DB0-4838-9C51-4655069B4B4F}.Debug|Mixed Platforms.ActiveCfg = Debug|Any CPU
		{893063B5-5DB0-4838-9C51-4655069B4B4F}.Debug|Mixed Platforms.Build.0 = Debug|Any CPU
		{893063B5-5DB0-4838-9C51-4655069B4B4F}.Debug|x86.ActiveCfg = Debug|Any CPU
		{893063B5-5DB0-4838-9C51-4655069B4B4F}.Release|Any CPU.ActiveCfg = Release|Any CPU
		{893063B5-5DB0-4838-9C51-4655069B4B4F}.Release|Any CPU.Build.0 = Release|Any CPU
		{893063B5-5DB0-4838-9C51-4655069B4B4F}.Release|Mixed Platforms.ActiveCfg = Release|Any CPU
		{893063B5-5DB0-4838-9C51-4655069B4B4F}.Release|Mixed Platforms.Build.0 = Release|Any CPU
		{893063B5-5DB0-4838-9C51-4655069B4B4F}.Release|x86.ActiveCfg = Release|Any CPU
		{B42BE213-8C36-4648-9207-59770AFFCF16}.Debug|Any CPU.ActiveCfg = Debug|x86
		{B42BE213-8C36-4648-9207-59770AFFCF16}.Debug|Mixed Platforms.ActiveCfg = Debug|x86
		{B42BE213-8C36-4648-9207-59770AFFCF16}.Debug|Mixed Platforms.Build.0 = Debug|x86
		{B42BE213-8C36-4648-9207-59770AFFCF16}.Debug|x86.ActiveCfg = Debug|x86
		{B42BE213-8C36-4648-9207-59770AFFCF16}.Debug|x86.Build.0 = Debug|x86
		{B42BE213-8C36-4648-9207-59770AFFCF16}.Release|Any CPU.ActiveCfg = Release|x86
		{B42BE213-8C36-4648-9207-59770AFFCF16}.Release|Mixed Platforms.ActiveCfg = Release|x86
		{B42BE213-8C36-4648-9207-59770AFFCF16}.Release|Mixed Platforms.Build.0 = Release|x86
		{B42BE213-8C36-4648-9207-59770AFFCF16}.Release|x86.ActiveCfg = Release|x86
		{B42BE213-8C36-4648-9207-59770AFFCF16}.Release|x86.Build.0 = Release|x86
		{DC6C4B31-B9F3-449B-92F3-6959756BC133}.Debug|Any CPU.ActiveCfg = Debug|x86
		{DC6C4B31-B9F3-449B-92F3-6959756BC133}.Debug|Mixed Platforms.ActiveCfg = Debug|x86
		{DC6C4B31-B9F3-449B-92F3-6959756BC133}.Debug|Mixed Platforms.Build.0 = Debug|x86
		{DC6C4B31-B9F3-449B-92F3-6959756BC133}.Debug|x86.ActiveCfg = Debug|x86
		{DC6C4B31-B9F3-449B-92F3-6959756BC133}.Debug|x86.Build.0 = Debug|x86
		{DC6C4B31-B9F3-449B-92F3-6959756BC133}.Release|Any CPU.ActiveCfg = Release|x86
		{DC6C4B31-B9F3-449B-92F3-6959756BC133}.Release|Mixed Platforms.ActiveCfg = Release|x86
		{DC6C4B31-B9F3-449B-92F3-6959756BC133}.Release|Mixed Platforms.Build.0 = Release|x86
		{DC6C4B31-B9F3-449B-92F3-6959756BC133}.Release|x86.ActiveCfg = Release|x86
		{DC6C4B31-B9F3-449B-92F3-6959756BC133}.Release|x86.Build.0 = Release|x86
		{FCAEF78C-078F-45E2-AD18-2BCC63779342}.Debug|Any CPU.ActiveCfg = Debug|x86
		{FCAEF78C-078F-45E2-AD18-2BCC63779342}.Debug|Mixed Platforms.ActiveCfg = Debug|x86
		{FCAEF78C-078F-45E2-AD18-2BCC63779342}.Debug|Mixed Platforms.Build.0 = Debug|x86
		{FCAEF78C-078F-45E2-AD18-2BCC63779342}.Debug|x86.ActiveCfg = Debug|x86
		{FCAEF78C-078F-45E2-AD18-2BCC63779342}.Debug|x86.Build.0 = Debug|x86
		{FCAEF78C-078F-45E2-AD18-2BCC63779342}.Release|Any CPU.ActiveCfg = Release|x86
		{FCAEF78C-078F-45E2-AD18-2BCC63779342}.Release|Mixed Platforms.ActiveCfg = Release|x86
		{FCAEF78C-078F-45E2-AD18-2BCC63779342}.Release|Mixed Platforms.Build.0 = Release|x86
		{FCAEF78C-078F-45E2-AD18-2BCC63779342}.Release|x86.ActiveCfg = Release|x86
		{FCAEF78C-078F-45E2-AD18-2BCC63779342}.Release|x86.Build.0 = Release|x86
		{FECA1266-D678-4F94-8231-686E99D47856}.Debug|Any CPU.ActiveCfg = Debug|x86
		{FECA1266-D678-4F94-8231-686E99D47856}.Debug|Mixed Platforms.ActiveCfg = Debug|x86
		{FECA1266-D678-4F94-8231-686E99D47856}.Debug|Mixed Platforms.Build.0 = Debug|x86
		{FECA1266-D678-4F94-8231-686E99D47856}.Debug|x86.ActiveCfg = Debug|x86
		{FECA1266-D678-4F94-8231-686E99D47856}.Debug|x86.Build.0 = Debug|x86
		{FECA1266-D678-4F94-8231-686E99D47856}.Release|Any CPU.ActiveCfg = Release|x86
		{FECA1266-D678-4F94-8231-686E99D47856}.Release|Mixed Platforms.ActiveCfg = Release|x86
		{FECA1266-D678-4F94-8231-686E99D47856}.Release|Mixed Platforms.Build.0 = Release|x86
		{FECA1266-D678-4F94-8231-686E99D47856}.Release|x86.ActiveCfg = Release|x86
		{FECA1266-D678-4F94-8231-686E99D47856}.Release|x86.Build.0 = Release|x86
		{4D12C600-B251-4C4D-9E79-BEDC37A32B20}.Debug|Any CPU.ActiveCfg = Debug|x86
		{4D12C600-B251-4C4D-9E79-BEDC37A32B20}.Debug|Mixed Platforms.ActiveCfg = Debug|x86
		{4D12C600-B251-4C4D-9E79-BEDC37A32B20}.Debug|Mixed Platforms.Build.0 = Debug|x86
		{4D12C600-B251-4C4D-9E79-BEDC37A32B20}.Debug|x86.ActiveCfg = Debug|x86
		{4D12C600-B251-4C4D-9E79-BEDC37A32B20}.Debug|x86.Build.0 = Debug|x86
		{4D12C600-B251-4C4D-9E79-BEDC37A32B20}.Release|Any CPU.ActiveCfg = Release|x86
		{4D12C600-B251-4C4D-9E79-BEDC37A32B20}.Release|Mixed Platforms.ActiveCfg = Release|x86
		{4D12C600-B251-4C4D-9E79-BEDC37A32B20}.Release|Mixed Platforms.Build.0 = Release|x86
		{4D12C600-B251-4C4D-9E79-BEDC37A32B20}.Release|x86.ActiveCfg = Release|x86
		{4D12C600-B251-4C4D-9E79-BEDC37A32B20}.Release|x86.Build.0 = Release|x86
		{57BA9B82-45AB-4EE3-894C-E46FECAB6973}.Debug|Any CPU.ActiveCfg = Debug|x86
		{57BA9B82-45AB-4EE3-894C-E46FECAB6973}.Debug|Mixed Platforms.ActiveCfg = Debug|x86
		{57BA9B82-45AB-4EE3-894C-E46FECAB6973}.Debug|Mixed Platforms.Build.0 = Debug|x86
		{57BA9B82-45AB-4EE3-894C-E46FECAB6973}.Debug|x86.ActiveCfg = Debug|x86
		{57BA9B82-45AB-4EE3-894C-E46FECAB6973}.Debug|x86.Build.0 = Debug|x86
		{57BA9B82-45AB-4EE3-894C-E46FECAB6973}.Release|Any CPU.ActiveCfg = Release|x86
		{57BA9B82-45AB-4EE3-894C-E46FECAB6973}.Release|Mixed Platforms.ActiveCfg = Release|x86
		{57BA9B82-45AB-4EE3-894C-E46FECAB6973}.Release|Mixed Platforms.Build.0 = Release|x86
		{57BA9B82-45AB-4EE3-894C-E46FECAB6973}.Release|x86.ActiveCfg = Release|x86
		{57BA9B82-45AB-4EE3-894C-E46FECAB6973}.Release|x86.Build.0 = Release|x86
		{14342F8C-1EB0-46E6-9B95-9CCE1F7FD2F0}.Debug|Any CPU.ActiveCfg = Debug|x86
		{14342F8C-1EB0-46E6-9B95-9CCE1F7FD2F0}.Debug|Mixed Platforms.ActiveCfg = Debug|x86
		{14342F8C-1EB0-46E6-9B95-9CCE1F7FD2F0}.Debug|Mixed Platforms.Build.0 = Debug|x86
		{14342F8C-1EB0-46E6-9B95-9CCE1F7FD2F0}.Debug|x86.ActiveCfg = Debug|x86
		{14342F8C-1EB0-46E6-9B95-9CCE1F7FD2F0}.Debug|x86.Build.0 = Debug|x86
		{14342F8C-1EB0-46E6-9B95-9CCE1F7FD2F0}.Release|Any CPU.ActiveCfg = Release|x86
		{14342F8C-1EB0-46E6-9B95-9CCE1F7FD2F0}.Release|Mixed Platforms.ActiveCfg = Release|x86
		{14342F8C-1EB0-46E6-9B95-9CCE1F7FD2F0}.Release|Mixed Platforms.Build.0 = Release|x86
		{14342F8C-1EB0-46E6-9B95-9CCE1F7FD2F0}.Release|x86.ActiveCfg = Release|x86
		{14342F8C-1EB0-46E6-9B95-9CCE1F7FD2F0}.Release|x86.Build.0 = Release|x86
		{1B38D986-EB44-4650-8BBF-DD7CB6BE609C}.Debug|Any CPU.ActiveCfg = Debug|x86
		{1B38D986-EB44-4650-8BBF-DD7CB6BE609C}.Debug|Mixed Platforms.ActiveCfg = Debug|x86
		{1B38D986-EB44-4650-8BBF-DD7CB6BE609C}.Debug|Mixed Platforms.Build.0 = Debug|x86
		{1B38D986-EB44-4650-8BBF-DD7CB6BE609C}.Debug|x86.ActiveCfg = Debug|x86
		{1B38D986-EB44-4650-8BBF-DD7CB6BE609C}.Debug|x86.Build.0 = Debug|x86
		{1B38D986-EB44-4650-8BBF-DD7CB6BE609C}.Release|Any CPU.ActiveCfg = Release|x86
		{1B38D986-EB44-4650-8BBF-DD7CB6BE609C}.Release|Mixed Platforms.ActiveCfg = Release|x86
		{1B38D986-EB44-4650-8BBF-DD7CB6BE609C}.Release|Mixed Platforms.Build.0 = Release|x86
		{1B38D986-EB44-4650-8BBF-DD7CB6BE609C}.Release|x86.ActiveCfg = Release|x86
		{1B38D986-EB44-4650-8BBF-DD7CB6BE609C}.Release|x86.Build.0 = Release|x86
		{7B2997E3-3E39-4744-B829-D84414D9B5F1}.Debug|Any CPU.ActiveCfg = Debug|x86
		{7B2997E3-3E39-4744-B829-D84414D9B5F1}.Debug|Mixed Platforms.ActiveCfg = Debug|x86
		{7B2997E3-3E39-4744-B829-D84414D9B5F1}.Debug|Mixed Platforms.Build.0 = Debug|x86
		{7B2997E3-3E39-4744-B829-D84414D9B5F1}.Debug|x86.ActiveCfg = Debug|x86
		{7B2997E3-3E39-4744-B829-D84414D9B5F1}.Debug|x86.Build.0 = Debug|x86
		{7B2997E3-3E39-4744-B829-D84414D9B5F1}.Release|Any CPU.ActiveCfg = Release|x86
		{7B2997E3-3E39-4744-B829-D84414D9B5F1}.Release|Mixed Platforms.ActiveCfg = Release|x86
		{7B2997E3-3E39-4744-B829-D84414D9B5F1}.Release|Mixed Platforms.Build.0 = Release|x86
		{7B2997E3-3E39-4744-B829-D84414D9B5F1}.Release|x86.ActiveCfg = Release|x86
		{7B2997E3-3E39-4744-B829-D84414D9B5F1}.Release|x86.Build.0 = Release|x86
		{2A2C7D39-344D-49B0-8717-DBE250928B3F}.Debug|Any CPU.ActiveCfg = Debug|x86
		{2A2C7D39-344D-49B0-8717-DBE250928B3F}.Debug|Mixed Platforms.ActiveCfg = Debug|x86
		{2A2C7D39-344D-49B0-8717-DBE250928B3F}.Debug|Mixed Platforms.Build.0 = Debug|x86
		{2A2C7D39-344D-49B0-8717-DBE250928B3F}.Debug|x86.ActiveCfg = Debug|x86
		{2A2C7D39-344D-49B0-8717-DBE250928B3F}.Debug|x86.Build.0 = Debug|x86
		{2A2C7D39-344D-49B0-8717-DBE250928B3F}.Release|Any CPU.ActiveCfg = Release|x86
		{2A2C7D39-344D-49B0-8717-DBE250928B3F}.Release|Mixed Platforms.ActiveCfg = Release|x86
		{2A2C7D39-344D-49B0-8717-DBE250928B3F}.Release|Mixed Platforms.Build.0 = Release|x86
		{2A2C7D39-344D-49B0-8717-DBE250928B3F}.Release|x86.ActiveCfg = Release|x86
		{2A2C7D39-344D-49B0-8717-DBE250928B3F}.Release|x86.Build.0 = Release|x86
		{BEE527C2-CA32-47A8-8506-E61635CF9635}.Debug|Any CPU.ActiveCfg = Debug|x86
		{BEE527C2-CA32-47A8-8506-E61635CF9635}.Debug|Mixed Platforms.ActiveCfg = Debug|x86
		{BEE527C2-CA32-47A8-8506-E61635CF9635}.Debug|Mixed Platforms.Build.0 = Debug|x86
		{BEE527C2-CA32-47A8-8506-E61635CF9635}.Debug|x86.ActiveCfg = Debug|x86
		{BEE527C2-CA32-47A8-8506-E61635CF9635}.Debug|x86.Build.0 = Debug|x86
		{BEE527C2-CA32-47A8-8506-E61635CF9635}.Release|Any CPU.ActiveCfg = Release|x86
		{BEE527C2-CA32-47A8-8506-E61635CF9635}.Release|Mixed Platforms.ActiveCfg = Release|x86
		{BEE527C2-CA32-47A8-8506-E61635CF9635}.Release|Mixed Platforms.Build.0 = Release|x86
		{BEE527C2-CA32-47A8-8506-E61635CF9635}.Release|x86.ActiveCfg = Release|x86
		{BEE527C2-CA32-47A8-8506-E61635CF9635}.Release|x86.Build.0 = Release|x86
		{353C0B0D-47C2-48E1-BBB1-F432DA6302E9}.Debug|Any CPU.ActiveCfg = Debug|x86
		{353C0B0D-47C2-48E1-BBB1-F432DA6302E9}.Debug|Mixed Platforms.ActiveCfg = Debug|x86
		{353C0B0D-47C2-48E1-BBB1-F432DA6302E9}.Debug|Mixed Platforms.Build.0 = Debug|x86
		{353C0B0D-47C2-48E1-BBB1-F432DA6302E9}.Debug|x86.ActiveCfg = Debug|x86
		{353C0B0D-47C2-48E1-BBB1-F432DA6302E9}.Debug|x86.Build.0 = Debug|x86
		{353C0B0D-47C2-48E1-BBB1-F432DA6302E9}.Release|Any CPU.ActiveCfg = Release|x86
		{353C0B0D-47C2-48E1-BBB1-F432DA6302E9}.Release|Mixed Platforms.ActiveCfg = Release|x86
		{353C0B0D-47C2-48E1-BBB1-F432DA6302E9}.Release|Mixed Platforms.Build.0 = Release|x86
		{353C0B0D-47C2-48E1-BBB1-F432DA6302E9}.Release|x86.ActiveCfg = Release|x86
		{353C0B0D-47C2-48E1-BBB1-F432DA6302E9}.Release|x86.Build.0 = Release|x86
		{493ED2B2-5E7C-4ACE-B990-5EF5E3433882}.Debug|Any CPU.ActiveCfg = Debug|x86
		{493ED2B2-5E7C-4ACE-B990-5EF5E3433882}.Debug|Mixed Platforms.ActiveCfg = Debug|x86
		{493ED2B2-5E7C-4ACE-B990-5EF5E3433882}.Debug|Mixed Platforms.Build.0 = Debug|x86
		{493ED2B2-5E7C-4ACE-B990-5EF5E3433882}.Debug|x86.ActiveCfg = Debug|x86
		{493ED2B2-5E7C-4ACE-B990-5EF5E3433882}.Debug|x86.Build.0 = Debug|x86
		{493ED2B2-5E7C-4ACE-B990-5EF5E3433882}.Release|Any CPU.ActiveCfg = Release|x86
		{493ED2B2-5E7C-4ACE-B990-5EF5E3433882}.Release|Mixed Platforms.ActiveCfg = Release|x86
		{493ED2B2-5E7C-4ACE-B990-5EF5E3433882}.Release|Mixed Platforms.Build.0 = Release|x86
		{493ED2B2-5E7C-4ACE-B990-5EF5E3433882}.Release|x86.ActiveCfg = Release|x86
		{493ED2B2-5E7C-4ACE-B990-5EF5E3433882}.Release|x86.Build.0 = Release|x86
		{05A0527A-7083-48E8-BED5-AAF4BABB2B91}.Debug|Any CPU.ActiveCfg = Debug|x86
		{05A0527A-7083-48E8-BED5-AAF4BABB2B91}.Debug|Mixed Platforms.ActiveCfg = Debug|x86
		{05A0527A-7083-48E8-BED5-AAF4BABB2B91}.Debug|Mixed Platforms.Build.0 = Debug|x86
		{05A0527A-7083-48E8-BED5-AAF4BABB2B91}.Debug|x86.ActiveCfg = Debug|x86
		{05A0527A-7083-48E8-BED5-AAF4BABB2B91}.Debug|x86.Build.0 = Debug|x86
		{05A0527A-7083-48E8-BED5-AAF4BABB2B91}.Release|Any CPU.ActiveCfg = Release|x86
		{05A0527A-7083-48E8-BED5-AAF4BABB2B91}.Release|Mixed Platforms.ActiveCfg = Release|x86
		{05A0527A-7083-48E8-BED5-AAF4BABB2B91}.Release|Mixed Platforms.Build.0 = Release|x86
		{05A0527A-7083-48E8-BED5-AAF4BABB2B91}.Release|x86.ActiveCfg = Release|x86
		{05A0527A-7083-48E8-BED5-AAF4BABB2B91}.Release|x86.Build.0 = Release|x86
		{C8528B35-7371-4751-B1A3-04BE13A19B7D}.Debug|Any CPU.ActiveCfg = Debug|x86
		{C8528B35-7371-4751-B1A3-04BE13A19B7D}.Debug|Mixed Platforms.ActiveCfg = Debug|x86
		{C8528B35-7371-4751-B1A3-04BE13A19B7D}.Debug|Mixed Platforms.Build.0 = Debug|x86
		{C8528B35-7371-4751-B1A3-04BE13A19B7D}.Debug|x86.ActiveCfg = Debug|x86
		{C8528B35-7371-4751-B1A3-04BE13A19B7D}.Debug|x86.Build.0 = Debug|x86
		{C8528B35-7371-4751-B1A3-04BE13A19B7D}.Release|Any CPU.ActiveCfg = Release|x86
		{C8528B35-7371-4751-B1A3-04BE13A19B7D}.Release|Mixed Platforms.ActiveCfg = Release|x86
		{C8528B35-7371-4751-B1A3-04BE13A19B7D}.Release|Mixed Platforms.Build.0 = Release|x86
		{C8528B35-7371-4751-B1A3-04BE13A19B7D}.Release|x86.ActiveCfg = Release|x86
		{C8528B35-7371-4751-B1A3-04BE13A19B7D}.Release|x86.Build.0 = Release|x86
		{F7D5C537-768A-4C9F-BBD4-D82C694B0DFF}.Debug|Any CPU.ActiveCfg = Debug|x86
		{F7D5C537-768A-4C9F-BBD4-D82C694B0DFF}.Debug|Mixed Platforms.ActiveCfg = Debug|x86
		{F7D5C537-768A-4C9F-BBD4-D82C694B0DFF}.Debug|Mixed Platforms.Build.0 = Debug|x86
		{F7D5C537-768A-4C9F-BBD4-D82C694B0DFF}.Debug|x86.ActiveCfg = Debug|x86
		{F7D5C537-768A-4C9F-BBD4-D82C694B0DFF}.Debug|x86.Build.0 = Debug|x86
		{F7D5C537-768A-4C9F-BBD4-D82C694B0DFF}.Release|Any CPU.ActiveCfg = Release|x86
		{F7D5C537-768A-4C9F-BBD4-D82C694B0DFF}.Release|Mixed Platforms.ActiveCfg = Release|x86
		{F7D5C537-768A-4C9F-BBD4-D82C694B0DFF}.Release|Mixed Platforms.Build.0 = Release|x86
		{F7D5C537-768A-4C9F-BBD4-D82C694B0DFF}.Release|x86.ActiveCfg = Release|x86
		{F7D5C537-768A-4C9F-BBD4-D82C694B0DFF}.Release|x86.Build.0 = Release|x86
		{7448FF62-CC4C-42BE-88D4-BCACDC359D2C}.Debug|Any CPU.ActiveCfg = Debug|x86
		{7448FF62-CC4C-42BE-88D4-BCACDC359D2C}.Debug|Mixed Platforms.ActiveCfg = Debug|x86
		{7448FF62-CC4C-42BE-88D4-BCACDC359D2C}.Debug|Mixed Platforms.Build.0 = Debug|x86
		{7448FF62-CC4C-42BE-88D4-BCACDC359D2C}.Debug|x86.ActiveCfg = Debug|x86
		{7448FF62-CC4C-42BE-88D4-BCACDC359D2C}.Debug|x86.Build.0 = Debug|x86
		{7448FF62-CC4C-42BE-88D4-BCACDC359D2C}.Release|Any CPU.ActiveCfg = Release|x86
		{7448FF62-CC4C-42BE-88D4-BCACDC359D2C}.Release|Mixed Platforms.ActiveCfg = Release|x86
		{7448FF62-CC4C-42BE-88D4-BCACDC359D2C}.Release|Mixed Platforms.Build.0 = Release|x86
		{7448FF62-CC4C-42BE-88D4-BCACDC359D2C}.Release|x86.ActiveCfg = Release|x86
		{7448FF62-CC4C-42BE-88D4-BCACDC359D2C}.Release|x86.Build.0 = Release|x86
		{8853B5DB-2572-4594-B217-91D25C9B5A56}.Debug|Any CPU.ActiveCfg = Debug|x86
		{8853B5DB-2572-4594-B217-91D25C9B5A56}.Debug|Mixed Platforms.ActiveCfg = Debug|x86
		{8853B5DB-2572-4594-B217-91D25C9B5A56}.Debug|Mixed Platforms.Build.0 = Debug|x86
		{8853B5DB-2572-4594-B217-91D25C9B5A56}.Debug|x86.ActiveCfg = Debug|x86
		{8853B5DB-2572-4594-B217-91D25C9B5A56}.Debug|x86.Build.0 = Debug|x86
		{8853B5DB-2572-4594-B217-91D25C9B5A56}.Release|Any CPU.ActiveCfg = Release|x86
		{8853B5DB-2572-4594-B217-91D25C9B5A56}.Release|Mixed Platforms.ActiveCfg = Release|x86
		{8853B5DB-2572-4594-B217-91D25C9B5A56}.Release|Mixed Platforms.Build.0 = Release|x86
		{8853B5DB-2572-4594-B217-91D25C9B5A56}.Release|x86.ActiveCfg = Release|x86
		{8853B5DB-2572-4594-B217-91D25C9B5A56}.Release|x86.Build.0 = Release|x86
		{722B5627-EC33-451A-97A2-B7DA9D49E409}.Debug|Any CPU.ActiveCfg = Debug|Any CPU
		{722B5627-EC33-451A-97A2-B7DA9D49E409}.Debug|Any CPU.Build.0 = Debug|Any CPU
		{722B5627-EC33-451A-97A2-B7DA9D49E409}.Debug|Mixed Platforms.ActiveCfg = Debug|Any CPU
		{722B5627-EC33-451A-97A2-B7DA9D49E409}.Debug|Mixed Platforms.Build.0 = Debug|Any CPU
		{722B5627-EC33-451A-97A2-B7DA9D49E409}.Debug|x86.ActiveCfg = Debug|Any CPU
		{722B5627-EC33-451A-97A2-B7DA9D49E409}.Release|Any CPU.ActiveCfg = Release|Any CPU
		{722B5627-EC33-451A-97A2-B7DA9D49E409}.Release|Any CPU.Build.0 = Release|Any CPU
		{722B5627-EC33-451A-97A2-B7DA9D49E409}.Release|Mixed Platforms.ActiveCfg = Release|Any CPU
		{722B5627-EC33-451A-97A2-B7DA9D49E409}.Release|Mixed Platforms.Build.0 = Release|Any CPU
		{722B5627-EC33-451A-97A2-B7DA9D49E409}.Release|x86.ActiveCfg = Release|Any CPU
		{5E0592CD-50B7-4EEF-856E-162DC61B9372}.Debug|Any CPU.ActiveCfg = Debug|Any CPU
		{5E0592CD-50B7-4EEF-856E-162DC61B9372}.Debug|Any CPU.Build.0 = Debug|Any CPU
		{5E0592CD-50B7-4EEF-856E-162DC61B9372}.Debug|Mixed Platforms.ActiveCfg = Debug|Any CPU
		{5E0592CD-50B7-4EEF-856E-162DC61B9372}.Debug|Mixed Platforms.Build.0 = Debug|Any CPU
		{5E0592CD-50B7-4EEF-856E-162DC61B9372}.Debug|x86.ActiveCfg = Debug|Any CPU
		{5E0592CD-50B7-4EEF-856E-162DC61B9372}.Release|Any CPU.ActiveCfg = Release|Any CPU
		{5E0592CD-50B7-4EEF-856E-162DC61B9372}.Release|Any CPU.Build.0 = Release|Any CPU
		{5E0592CD-50B7-4EEF-856E-162DC61B9372}.Release|Mixed Platforms.ActiveCfg = Release|Any CPU
		{5E0592CD-50B7-4EEF-856E-162DC61B9372}.Release|Mixed Platforms.Build.0 = Release|Any CPU
		{5E0592CD-50B7-4EEF-856E-162DC61B9372}.Release|x86.ActiveCfg = Release|Any CPU
		{635420E9-3984-496C-A814-660B916AFBB3}.Debug|Any CPU.ActiveCfg = Debug|Any CPU
		{635420E9-3984-496C-A814-660B916AFBB3}.Debug|Any CPU.Build.0 = Debug|Any CPU
		{635420E9-3984-496C-A814-660B916AFBB3}.Debug|Mixed Platforms.ActiveCfg = Debug|Any CPU
		{635420E9-3984-496C-A814-660B916AFBB3}.Debug|Mixed Platforms.Build.0 = Debug|Any CPU
		{635420E9-3984-496C-A814-660B916AFBB3}.Debug|x86.ActiveCfg = Debug|Any CPU
		{635420E9-3984-496C-A814-660B916AFBB3}.Release|Any CPU.ActiveCfg = Release|Any CPU
		{635420E9-3984-496C-A814-660B916AFBB3}.Release|Any CPU.Build.0 = Release|Any CPU
		{635420E9-3984-496C-A814-660B916AFBB3}.Release|Mixed Platforms.ActiveCfg = Release|Any CPU
		{635420E9-3984-496C-A814-660B916AFBB3}.Release|Mixed Platforms.Build.0 = Release|Any CPU
		{635420E9-3984-496C-A814-660B916AFBB3}.Release|x86.ActiveCfg = Release|Any CPU
		{AD5A8DEB-86C7-4B28-83DB-3BA3FF72E51F}.Debug|Any CPU.ActiveCfg = Debug|x86
		{AD5A8DEB-86C7-4B28-83DB-3BA3FF72E51F}.Debug|Mixed Platforms.ActiveCfg = Debug|x86
		{AD5A8DEB-86C7-4B28-83DB-3BA3FF72E51F}.Debug|Mixed Platforms.Build.0 = Debug|x86
		{AD5A8DEB-86C7-4B28-83DB-3BA3FF72E51F}.Debug|x86.ActiveCfg = Debug|x86
		{AD5A8DEB-86C7-4B28-83DB-3BA3FF72E51F}.Debug|x86.Build.0 = Debug|x86
		{AD5A8DEB-86C7-4B28-83DB-3BA3FF72E51F}.Release|Any CPU.ActiveCfg = Release|x86
		{AD5A8DEB-86C7-4B28-83DB-3BA3FF72E51F}.Release|Mixed Platforms.ActiveCfg = Release|x86
		{AD5A8DEB-86C7-4B28-83DB-3BA3FF72E51F}.Release|Mixed Platforms.Build.0 = Release|x86
		{AD5A8DEB-86C7-4B28-83DB-3BA3FF72E51F}.Release|x86.ActiveCfg = Release|x86
		{AD5A8DEB-86C7-4B28-83DB-3BA3FF72E51F}.Release|x86.Build.0 = Release|x86
		{E394E1A5-0D45-40B6-B1C3-206E3022F56F}.Debug|Any CPU.ActiveCfg = Debug|x86
		{E394E1A5-0D45-40B6-B1C3-206E3022F56F}.Debug|Mixed Platforms.ActiveCfg = Debug|x86
		{E394E1A5-0D45-40B6-B1C3-206E3022F56F}.Debug|Mixed Platforms.Build.0 = Debug|x86
		{E394E1A5-0D45-40B6-B1C3-206E3022F56F}.Debug|x86.ActiveCfg = Debug|x86
		{E394E1A5-0D45-40B6-B1C3-206E3022F56F}.Debug|x86.Build.0 = Debug|x86
		{E394E1A5-0D45-40B6-B1C3-206E3022F56F}.Release|Any CPU.ActiveCfg = Release|x86
		{E394E1A5-0D45-40B6-B1C3-206E3022F56F}.Release|Mixed Platforms.ActiveCfg = Release|x86
		{E394E1A5-0D45-40B6-B1C3-206E3022F56F}.Release|Mixed Platforms.Build.0 = Release|x86
		{E394E1A5-0D45-40B6-B1C3-206E3022F56F}.Release|x86.ActiveCfg = Release|x86
		{E394E1A5-0D45-40B6-B1C3-206E3022F56F}.Release|x86.Build.0 = Release|x86
		{EB6339EB-C22E-476C-98CB-BDD103AC9D28}.Debug|Any CPU.ActiveCfg = Debug|Any CPU
		{EB6339EB-C22E-476C-98CB-BDD103AC9D28}.Debug|Any CPU.Build.0 = Debug|Any CPU
		{EB6339EB-C22E-476C-98CB-BDD103AC9D28}.Debug|Mixed Platforms.ActiveCfg = Debug|Any CPU
		{EB6339EB-C22E-476C-98CB-BDD103AC9D28}.Debug|Mixed Platforms.Build.0 = Debug|Any CPU
		{EB6339EB-C22E-476C-98CB-BDD103AC9D28}.Debug|x86.ActiveCfg = Debug|Any CPU
		{EB6339EB-C22E-476C-98CB-BDD103AC9D28}.Release|Any CPU.ActiveCfg = Release|Any CPU
		{EB6339EB-C22E-476C-98CB-BDD103AC9D28}.Release|Any CPU.Build.0 = Release|Any CPU
		{EB6339EB-C22E-476C-98CB-BDD103AC9D28}.Release|Mixed Platforms.ActiveCfg = Release|Any CPU
		{EB6339EB-C22E-476C-98CB-BDD103AC9D28}.Release|Mixed Platforms.Build.0 = Release|Any CPU
		{EB6339EB-C22E-476C-98CB-BDD103AC9D28}.Release|x86.ActiveCfg = Release|Any CPU
		{8136DFBC-70B4-4123-89EE-B2F8F9919FC0}.Debug|Any CPU.ActiveCfg = Debug|Any CPU
		{8136DFBC-70B4-4123-89EE-B2F8F9919FC0}.Debug|Any CPU.Build.0 = Debug|Any CPU
		{8136DFBC-70B4-4123-89EE-B2F8F9919FC0}.Debug|Mixed Platforms.ActiveCfg = Debug|Any CPU
		{8136DFBC-70B4-4123-89EE-B2F8F9919FC0}.Debug|Mixed Platforms.Build.0 = Debug|Any CPU
		{8136DFBC-70B4-4123-89EE-B2F8F9919FC0}.Debug|x86.ActiveCfg = Debug|Any CPU
		{8136DFBC-70B4-4123-89EE-B2F8F9919FC0}.Release|Any CPU.ActiveCfg = Release|Any CPU
		{8136DFBC-70B4-4123-89EE-B2F8F9919FC0}.Release|Any CPU.Build.0 = Release|Any CPU
		{8136DFBC-70B4-4123-89EE-B2F8F9919FC0}.Release|Mixed Platforms.ActiveCfg = Release|Any CPU
		{8136DFBC-70B4-4123-89EE-B2F8F9919FC0}.Release|Mixed Platforms.Build.0 = Release|Any CPU
		{8136DFBC-70B4-4123-89EE-B2F8F9919FC0}.Release|x86.ActiveCfg = Release|Any CPU
		{0BBFD5A4-AF67-4779-BDAA-A331A596EFBF}.Debug|Any CPU.ActiveCfg = Debug|Any CPU
		{0BBFD5A4-AF67-4779-BDAA-A331A596EFBF}.Debug|Any CPU.Build.0 = Debug|Any CPU
		{0BBFD5A4-AF67-4779-BDAA-A331A596EFBF}.Debug|Mixed Platforms.ActiveCfg = Debug|Any CPU
		{0BBFD5A4-AF67-4779-BDAA-A331A596EFBF}.Debug|Mixed Platforms.Build.0 = Debug|Any CPU
		{0BBFD5A4-AF67-4779-BDAA-A331A596EFBF}.Debug|x86.ActiveCfg = Debug|Any CPU
		{0BBFD5A4-AF67-4779-BDAA-A331A596EFBF}.Release|Any CPU.ActiveCfg = Release|Any CPU
		{0BBFD5A4-AF67-4779-BDAA-A331A596EFBF}.Release|Any CPU.Build.0 = Release|Any CPU
		{0BBFD5A4-AF67-4779-BDAA-A331A596EFBF}.Release|Mixed Platforms.ActiveCfg = Release|Any CPU
		{0BBFD5A4-AF67-4779-BDAA-A331A596EFBF}.Release|Mixed Platforms.Build.0 = Release|Any CPU
		{0BBFD5A4-AF67-4779-BDAA-A331A596EFBF}.Release|x86.ActiveCfg = Release|Any CPU
		{675D93C2-6338-485D-87B0-671CB4C94826}.Debug|Any CPU.ActiveCfg = Debug|Any CPU
		{675D93C2-6338-485D-87B0-671CB4C94826}.Debug|Any CPU.Build.0 = Debug|Any CPU
		{675D93C2-6338-485D-87B0-671CB4C94826}.Debug|Mixed Platforms.ActiveCfg = Debug|Any CPU
		{675D93C2-6338-485D-87B0-671CB4C94826}.Debug|Mixed Platforms.Build.0 = Debug|Any CPU
		{675D93C2-6338-485D-87B0-671CB4C94826}.Debug|x86.ActiveCfg = Debug|Any CPU
		{675D93C2-6338-485D-87B0-671CB4C94826}.Release|Any CPU.ActiveCfg = Release|Any CPU
		{675D93C2-6338-485D-87B0-671CB4C94826}.Release|Any CPU.Build.0 = Release|Any CPU
		{675D93C2-6338-485D-87B0-671CB4C94826}.Release|Mixed Platforms.ActiveCfg = Release|Any CPU
		{675D93C2-6338-485D-87B0-671CB4C94826}.Release|Mixed Platforms.Build.0 = Release|Any CPU
		{675D93C2-6338-485D-87B0-671CB4C94826}.Release|x86.ActiveCfg = Release|Any CPU
		{6C36156B-D356-41AC-AE02-698DDB20DF9F}.Debug|Any CPU.ActiveCfg = Debug|Any CPU
		{6C36156B-D356-41AC-AE02-698DDB20DF9F}.Debug|Any CPU.Build.0 = Debug|Any CPU
		{6C36156B-D356-41AC-AE02-698DDB20DF9F}.Debug|Mixed Platforms.ActiveCfg = Debug|Any CPU
		{6C36156B-D356-41AC-AE02-698DDB20DF9F}.Debug|Mixed Platforms.Build.0 = Debug|Any CPU
		{6C36156B-D356-41AC-AE02-698DDB20DF9F}.Debug|x86.ActiveCfg = Debug|Any CPU
		{6C36156B-D356-41AC-AE02-698DDB20DF9F}.Release|Any CPU.ActiveCfg = Release|Any CPU
		{6C36156B-D356-41AC-AE02-698DDB20DF9F}.Release|Any CPU.Build.0 = Release|Any CPU
		{6C36156B-D356-41AC-AE02-698DDB20DF9F}.Release|Mixed Platforms.ActiveCfg = Release|Any CPU
		{6C36156B-D356-41AC-AE02-698DDB20DF9F}.Release|Mixed Platforms.Build.0 = Release|Any CPU
		{6C36156B-D356-41AC-AE02-698DDB20DF9F}.Release|x86.ActiveCfg = Release|Any CPU
		{5113EE27-138A-4D0E-B8B9-39BBB7793A13}.Debug|Any CPU.ActiveCfg = Debug|Any CPU
		{5113EE27-138A-4D0E-B8B9-39BBB7793A13}.Debug|Any CPU.Build.0 = Debug|Any CPU
		{5113EE27-138A-4D0E-B8B9-39BBB7793A13}.Debug|Mixed Platforms.ActiveCfg = Debug|Any CPU
		{5113EE27-138A-4D0E-B8B9-39BBB7793A13}.Debug|Mixed Platforms.Build.0 = Debug|Any CPU
		{5113EE27-138A-4D0E-B8B9-39BBB7793A13}.Debug|x86.ActiveCfg = Debug|Any CPU
		{5113EE27-138A-4D0E-B8B9-39BBB7793A13}.Release|Any CPU.ActiveCfg = Release|Any CPU
		{5113EE27-138A-4D0E-B8B9-39BBB7793A13}.Release|Any CPU.Build.0 = Release|Any CPU
		{5113EE27-138A-4D0E-B8B9-39BBB7793A13}.Release|Mixed Platforms.ActiveCfg = Release|Any CPU
		{5113EE27-138A-4D0E-B8B9-39BBB7793A13}.Release|Mixed Platforms.Build.0 = Release|Any CPU
		{5113EE27-138A-4D0E-B8B9-39BBB7793A13}.Release|x86.ActiveCfg = Release|Any CPU
		{6330DD61-FF67-4314-8535-B2F22364012B}.Debug|Any CPU.ActiveCfg = Debug|Any CPU
		{6330DD61-FF67-4314-8535-B2F22364012B}.Debug|Any CPU.Build.0 = Debug|Any CPU
		{6330DD61-FF67-4314-8535-B2F22364012B}.Debug|Mixed Platforms.ActiveCfg = Debug|Any CPU
		{6330DD61-FF67-4314-8535-B2F22364012B}.Debug|Mixed Platforms.Build.0 = Debug|Any CPU
		{6330DD61-FF67-4314-8535-B2F22364012B}.Debug|x86.ActiveCfg = Debug|Any CPU
		{6330DD61-FF67-4314-8535-B2F22364012B}.Release|Any CPU.ActiveCfg = Release|Any CPU
		{6330DD61-FF67-4314-8535-B2F22364012B}.Release|Any CPU.Build.0 = Release|Any CPU
		{6330DD61-FF67-4314-8535-B2F22364012B}.Release|Mixed Platforms.ActiveCfg = Release|Any CPU
		{6330DD61-FF67-4314-8535-B2F22364012B}.Release|Mixed Platforms.Build.0 = Release|Any CPU
		{6330DD61-FF67-4314-8535-B2F22364012B}.Release|x86.ActiveCfg = Release|Any CPU
		{8F4448CD-5E13-40CE-A08F-C0C5A1B37E9F}.Debug|Any CPU.ActiveCfg = Debug|Any CPU
		{8F4448CD-5E13-40CE-A08F-C0C5A1B37E9F}.Debug|Any CPU.Build.0 = Debug|Any CPU
		{8F4448CD-5E13-40CE-A08F-C0C5A1B37E9F}.Debug|Mixed Platforms.ActiveCfg = Debug|Any CPU
		{8F4448CD-5E13-40CE-A08F-C0C5A1B37E9F}.Debug|Mixed Platforms.Build.0 = Debug|Any CPU
		{8F4448CD-5E13-40CE-A08F-C0C5A1B37E9F}.Debug|x86.ActiveCfg = Debug|Any CPU
		{8F4448CD-5E13-40CE-A08F-C0C5A1B37E9F}.Release|Any CPU.ActiveCfg = Release|Any CPU
		{8F4448CD-5E13-40CE-A08F-C0C5A1B37E9F}.Release|Any CPU.Build.0 = Release|Any CPU
		{8F4448CD-5E13-40CE-A08F-C0C5A1B37E9F}.Release|Mixed Platforms.ActiveCfg = Release|Any CPU
		{8F4448CD-5E13-40CE-A08F-C0C5A1B37E9F}.Release|Mixed Platforms.Build.0 = Release|Any CPU
		{8F4448CD-5E13-40CE-A08F-C0C5A1B37E9F}.Release|x86.ActiveCfg = Release|Any CPU
		{4FAC71ED-E718-493D-8E6C-3DA057DE5FA2}.Debug|Any CPU.ActiveCfg = Debug|Any CPU
		{4FAC71ED-E718-493D-8E6C-3DA057DE5FA2}.Debug|Any CPU.Build.0 = Debug|Any CPU
		{4FAC71ED-E718-493D-8E6C-3DA057DE5FA2}.Debug|Mixed Platforms.ActiveCfg = Debug|Any CPU
		{4FAC71ED-E718-493D-8E6C-3DA057DE5FA2}.Debug|Mixed Platforms.Build.0 = Debug|Any CPU
		{4FAC71ED-E718-493D-8E6C-3DA057DE5FA2}.Debug|x86.ActiveCfg = Debug|Any CPU
		{4FAC71ED-E718-493D-8E6C-3DA057DE5FA2}.Release|Any CPU.ActiveCfg = Release|Any CPU
		{4FAC71ED-E718-493D-8E6C-3DA057DE5FA2}.Release|Any CPU.Build.0 = Release|Any CPU
		{4FAC71ED-E718-493D-8E6C-3DA057DE5FA2}.Release|Mixed Platforms.ActiveCfg = Release|Any CPU
		{4FAC71ED-E718-493D-8E6C-3DA057DE5FA2}.Release|Mixed Platforms.Build.0 = Release|Any CPU
		{4FAC71ED-E718-493D-8E6C-3DA057DE5FA2}.Release|x86.ActiveCfg = Release|Any CPU
		{83B70CEF-AFF4-4DC2-8659-4764D32352D3}.Debug|Any CPU.ActiveCfg = Debug|Any CPU
		{83B70CEF-AFF4-4DC2-8659-4764D32352D3}.Debug|Any CPU.Build.0 = Debug|Any CPU
		{83B70CEF-AFF4-4DC2-8659-4764D32352D3}.Debug|Mixed Platforms.ActiveCfg = Debug|Any CPU
		{83B70CEF-AFF4-4DC2-8659-4764D32352D3}.Debug|Mixed Platforms.Build.0 = Debug|Any CPU
		{83B70CEF-AFF4-4DC2-8659-4764D32352D3}.Debug|x86.ActiveCfg = Debug|Any CPU
		{83B70CEF-AFF4-4DC2-8659-4764D32352D3}.Release|Any CPU.ActiveCfg = Release|Any CPU
		{83B70CEF-AFF4-4DC2-8659-4764D32352D3}.Release|Any CPU.Build.0 = Release|Any CPU
		{83B70CEF-AFF4-4DC2-8659-4764D32352D3}.Release|Mixed Platforms.ActiveCfg = Release|Any CPU
		{83B70CEF-AFF4-4DC2-8659-4764D32352D3}.Release|Mixed Platforms.Build.0 = Release|Any CPU
		{83B70CEF-AFF4-4DC2-8659-4764D32352D3}.Release|x86.ActiveCfg = Release|Any CPU
		{B40E4F80-ED49-432B-9B0B-E889506D9895}.Debug|Any CPU.ActiveCfg = Debug|Any CPU
		{B40E4F80-ED49-432B-9B0B-E889506D9895}.Debug|Any CPU.Build.0 = Debug|Any CPU
		{B40E4F80-ED49-432B-9B0B-E889506D9895}.Debug|Mixed Platforms.ActiveCfg = Debug|Any CPU
		{B40E4F80-ED49-432B-9B0B-E889506D9895}.Debug|Mixed Platforms.Build.0 = Debug|Any CPU
		{B40E4F80-ED49-432B-9B0B-E889506D9895}.Debug|x86.ActiveCfg = Debug|Any CPU
		{B40E4F80-ED49-432B-9B0B-E889506D9895}.Release|Any CPU.ActiveCfg = Release|Any CPU
		{B40E4F80-ED49-432B-9B0B-E889506D9895}.Release|Any CPU.Build.0 = Release|Any CPU
		{B40E4F80-ED49-432B-9B0B-E889506D9895}.Release|Mixed Platforms.ActiveCfg = Release|Any CPU
		{B40E4F80-ED49-432B-9B0B-E889506D9895}.Release|Mixed Platforms.Build.0 = Release|Any CPU
		{B40E4F80-ED49-432B-9B0B-E889506D9895}.Release|x86.ActiveCfg = Release|Any CPU
		{A93F99C7-0F48-45A6-BFAC-7F7B4788F18A}.Debug|Any CPU.ActiveCfg = Debug|Any CPU
		{A93F99C7-0F48-45A6-BFAC-7F7B4788F18A}.Debug|Any CPU.Build.0 = Debug|Any CPU
		{A93F99C7-0F48-45A6-BFAC-7F7B4788F18A}.Debug|Mixed Platforms.ActiveCfg = Debug|Any CPU
		{A93F99C7-0F48-45A6-BFAC-7F7B4788F18A}.Debug|Mixed Platforms.Build.0 = Debug|Any CPU
		{A93F99C7-0F48-45A6-BFAC-7F7B4788F18A}.Debug|x86.ActiveCfg = Debug|Any CPU
		{A93F99C7-0F48-45A6-BFAC-7F7B4788F18A}.Release|Any CPU.ActiveCfg = Release|Any CPU
		{A93F99C7-0F48-45A6-BFAC-7F7B4788F18A}.Release|Any CPU.Build.0 = Release|Any CPU
		{A93F99C7-0F48-45A6-BFAC-7F7B4788F18A}.Release|Mixed Platforms.ActiveCfg = Release|Any CPU
		{A93F99C7-0F48-45A6-BFAC-7F7B4788F18A}.Release|Mixed Platforms.Build.0 = Release|Any CPU
		{A93F99C7-0F48-45A6-BFAC-7F7B4788F18A}.Release|x86.ActiveCfg = Release|Any CPU
		{17EDA41A-CE1D-43AF-8347-5922E656BA2E}.Debug|Any CPU.ActiveCfg = Debug|Any CPU
		{17EDA41A-CE1D-43AF-8347-5922E656BA2E}.Debug|Any CPU.Build.0 = Debug|Any CPU
		{17EDA41A-CE1D-43AF-8347-5922E656BA2E}.Debug|Mixed Platforms.ActiveCfg = Debug|Any CPU
		{17EDA41A-CE1D-43AF-8347-5922E656BA2E}.Debug|Mixed Platforms.Build.0 = Debug|Any CPU
		{17EDA41A-CE1D-43AF-8347-5922E656BA2E}.Debug|x86.ActiveCfg = Debug|Any CPU
		{17EDA41A-CE1D-43AF-8347-5922E656BA2E}.Release|Any CPU.ActiveCfg = Release|Any CPU
		{17EDA41A-CE1D-43AF-8347-5922E656BA2E}.Release|Any CPU.Build.0 = Release|Any CPU
		{17EDA41A-CE1D-43AF-8347-5922E656BA2E}.Release|Mixed Platforms.ActiveCfg = Release|Any CPU
		{17EDA41A-CE1D-43AF-8347-5922E656BA2E}.Release|Mixed Platforms.Build.0 = Release|Any CPU
		{17EDA41A-CE1D-43AF-8347-5922E656BA2E}.Release|x86.ActiveCfg = Release|Any CPU
		{A7D1F43B-FCBC-4629-967D-7F2B1F87EAFF}.Debug|Any CPU.ActiveCfg = Debug|Any CPU
		{A7D1F43B-FCBC-4629-967D-7F2B1F87EAFF}.Debug|Any CPU.Build.0 = Debug|Any CPU
		{A7D1F43B-FCBC-4629-967D-7F2B1F87EAFF}.Debug|Mixed Platforms.ActiveCfg = Debug|Any CPU
		{A7D1F43B-FCBC-4629-967D-7F2B1F87EAFF}.Debug|Mixed Platforms.Build.0 = Debug|Any CPU
		{A7D1F43B-FCBC-4629-967D-7F2B1F87EAFF}.Debug|x86.ActiveCfg = Debug|Any CPU
		{A7D1F43B-FCBC-4629-967D-7F2B1F87EAFF}.Release|Any CPU.ActiveCfg = Release|Any CPU
		{A7D1F43B-FCBC-4629-967D-7F2B1F87EAFF}.Release|Any CPU.Build.0 = Release|Any CPU
		{A7D1F43B-FCBC-4629-967D-7F2B1F87EAFF}.Release|Mixed Platforms.ActiveCfg = Release|Any CPU
		{A7D1F43B-FCBC-4629-967D-7F2B1F87EAFF}.Release|Mixed Platforms.Build.0 = Release|Any CPU
		{A7D1F43B-FCBC-4629-967D-7F2B1F87EAFF}.Release|x86.ActiveCfg = Release|Any CPU
		{FFED9CAC-1CDF-416D-A8A5-747E15CB62D3}.Debug|Any CPU.ActiveCfg = Debug|Any CPU
		{FFED9CAC-1CDF-416D-A8A5-747E15CB62D3}.Debug|Any CPU.Build.0 = Debug|Any CPU
		{FFED9CAC-1CDF-416D-A8A5-747E15CB62D3}.Debug|Mixed Platforms.ActiveCfg = Debug|Any CPU
		{FFED9CAC-1CDF-416D-A8A5-747E15CB62D3}.Debug|Mixed Platforms.Build.0 = Debug|Any CPU
		{FFED9CAC-1CDF-416D-A8A5-747E15CB62D3}.Debug|x86.ActiveCfg = Debug|Any CPU
		{FFED9CAC-1CDF-416D-A8A5-747E15CB62D3}.Release|Any CPU.ActiveCfg = Release|Any CPU
		{FFED9CAC-1CDF-416D-A8A5-747E15CB62D3}.Release|Any CPU.Build.0 = Release|Any CPU
		{FFED9CAC-1CDF-416D-A8A5-747E15CB62D3}.Release|Mixed Platforms.ActiveCfg = Release|Any CPU
		{FFED9CAC-1CDF-416D-A8A5-747E15CB62D3}.Release|Mixed Platforms.Build.0 = Release|Any CPU
		{FFED9CAC-1CDF-416D-A8A5-747E15CB62D3}.Release|x86.ActiveCfg = Release|Any CPU
		{421EBF1C-0F27-49C7-A732-0EA71EBE5468}.Debug|Any CPU.ActiveCfg = Debug|Any CPU
		{421EBF1C-0F27-49C7-A732-0EA71EBE5468}.Debug|Any CPU.Build.0 = Debug|Any CPU
		{421EBF1C-0F27-49C7-A732-0EA71EBE5468}.Debug|Mixed Platforms.ActiveCfg = Debug|Any CPU
		{421EBF1C-0F27-49C7-A732-0EA71EBE5468}.Debug|Mixed Platforms.Build.0 = Debug|Any CPU
		{421EBF1C-0F27-49C7-A732-0EA71EBE5468}.Debug|x86.ActiveCfg = Debug|Any CPU
		{421EBF1C-0F27-49C7-A732-0EA71EBE5468}.Release|Any CPU.ActiveCfg = Release|Any CPU
		{421EBF1C-0F27-49C7-A732-0EA71EBE5468}.Release|Any CPU.Build.0 = Release|Any CPU
		{421EBF1C-0F27-49C7-A732-0EA71EBE5468}.Release|Mixed Platforms.ActiveCfg = Release|Any CPU
		{421EBF1C-0F27-49C7-A732-0EA71EBE5468}.Release|Mixed Platforms.Build.0 = Release|Any CPU
		{421EBF1C-0F27-49C7-A732-0EA71EBE5468}.Release|x86.ActiveCfg = Release|Any CPU
		{A24846FE-3D6C-4661-81B3-2CC19A371C28}.Debug|Any CPU.ActiveCfg = Debug|Any CPU
		{A24846FE-3D6C-4661-81B3-2CC19A371C28}.Debug|Any CPU.Build.0 = Debug|Any CPU
		{A24846FE-3D6C-4661-81B3-2CC19A371C28}.Debug|Mixed Platforms.ActiveCfg = Debug|Any CPU
		{A24846FE-3D6C-4661-81B3-2CC19A371C28}.Debug|Mixed Platforms.Build.0 = Debug|Any CPU
		{A24846FE-3D6C-4661-81B3-2CC19A371C28}.Debug|x86.ActiveCfg = Debug|Any CPU
		{A24846FE-3D6C-4661-81B3-2CC19A371C28}.Debug|x86.Build.0 = Debug|Any CPU
		{A24846FE-3D6C-4661-81B3-2CC19A371C28}.Release|Any CPU.ActiveCfg = Release|Any CPU
		{A24846FE-3D6C-4661-81B3-2CC19A371C28}.Release|Any CPU.Build.0 = Release|Any CPU
		{A24846FE-3D6C-4661-81B3-2CC19A371C28}.Release|Mixed Platforms.ActiveCfg = Release|Any CPU
		{A24846FE-3D6C-4661-81B3-2CC19A371C28}.Release|Mixed Platforms.Build.0 = Release|Any CPU
		{A24846FE-3D6C-4661-81B3-2CC19A371C28}.Release|x86.ActiveCfg = Release|Any CPU
		{A24846FE-3D6C-4661-81B3-2CC19A371C28}.Release|x86.Build.0 = Release|Any CPU
		{4B567320-1881-4C7A-90D0-E818B37382E8}.Debug|Any CPU.ActiveCfg = Debug|Any CPU
		{4B567320-1881-4C7A-90D0-E818B37382E8}.Debug|Any CPU.Build.0 = Debug|Any CPU
		{4B567320-1881-4C7A-90D0-E818B37382E8}.Debug|Mixed Platforms.ActiveCfg = Debug|Any CPU
		{4B567320-1881-4C7A-90D0-E818B37382E8}.Debug|Mixed Platforms.Build.0 = Debug|Any CPU
		{4B567320-1881-4C7A-90D0-E818B37382E8}.Debug|x86.ActiveCfg = Debug|Any CPU
		{4B567320-1881-4C7A-90D0-E818B37382E8}.Debug|x86.Build.0 = Debug|Any CPU
		{4B567320-1881-4C7A-90D0-E818B37382E8}.Release|Any CPU.ActiveCfg = Release|Any CPU
		{4B567320-1881-4C7A-90D0-E818B37382E8}.Release|Any CPU.Build.0 = Release|Any CPU
		{4B567320-1881-4C7A-90D0-E818B37382E8}.Release|Mixed Platforms.ActiveCfg = Release|Any CPU
		{4B567320-1881-4C7A-90D0-E818B37382E8}.Release|Mixed Platforms.Build.0 = Release|Any CPU
		{4B567320-1881-4C7A-90D0-E818B37382E8}.Release|x86.ActiveCfg = Release|Any CPU
		{4B567320-1881-4C7A-90D0-E818B37382E8}.Release|x86.Build.0 = Release|Any CPU
		{EF959793-CDB0-4CE2-A0C9-EB30730FBD79}.Debug|Any CPU.ActiveCfg = Debug|Any CPU
		{EF959793-CDB0-4CE2-A0C9-EB30730FBD79}.Debug|Any CPU.Build.0 = Debug|Any CPU
		{EF959793-CDB0-4CE2-A0C9-EB30730FBD79}.Debug|Mixed Platforms.ActiveCfg = Debug|Any CPU
		{EF959793-CDB0-4CE2-A0C9-EB30730FBD79}.Debug|Mixed Platforms.Build.0 = Debug|Any CPU
		{EF959793-CDB0-4CE2-A0C9-EB30730FBD79}.Debug|x86.ActiveCfg = Debug|Any CPU
		{EF959793-CDB0-4CE2-A0C9-EB30730FBD79}.Debug|x86.Build.0 = Debug|Any CPU
		{EF959793-CDB0-4CE2-A0C9-EB30730FBD79}.Release|Any CPU.ActiveCfg = Release|Any CPU
		{EF959793-CDB0-4CE2-A0C9-EB30730FBD79}.Release|Any CPU.Build.0 = Release|Any CPU
		{EF959793-CDB0-4CE2-A0C9-EB30730FBD79}.Release|Mixed Platforms.ActiveCfg = Release|Any CPU
		{EF959793-CDB0-4CE2-A0C9-EB30730FBD79}.Release|Mixed Platforms.Build.0 = Release|Any CPU
		{EF959793-CDB0-4CE2-A0C9-EB30730FBD79}.Release|x86.ActiveCfg = Release|Any CPU
		{EF959793-CDB0-4CE2-A0C9-EB30730FBD79}.Release|x86.Build.0 = Release|Any CPU
		{300F650B-F47F-453F-B644-E7D1DCACC5C7}.Debug|Any CPU.ActiveCfg = Debug|Any CPU
		{300F650B-F47F-453F-B644-E7D1DCACC5C7}.Debug|Any CPU.Build.0 = Debug|Any CPU
		{300F650B-F47F-453F-B644-E7D1DCACC5C7}.Debug|Mixed Platforms.ActiveCfg = Debug|Any CPU
		{300F650B-F47F-453F-B644-E7D1DCACC5C7}.Debug|Mixed Platforms.Build.0 = Debug|Any CPU
		{300F650B-F47F-453F-B644-E7D1DCACC5C7}.Debug|x86.ActiveCfg = Debug|Any CPU
		{300F650B-F47F-453F-B644-E7D1DCACC5C7}.Debug|x86.Build.0 = Debug|Any CPU
		{300F650B-F47F-453F-B644-E7D1DCACC5C7}.Release|Any CPU.ActiveCfg = Release|Any CPU
		{300F650B-F47F-453F-B644-E7D1DCACC5C7}.Release|Any CPU.Build.0 = Release|Any CPU
		{300F650B-F47F-453F-B644-E7D1DCACC5C7}.Release|Mixed Platforms.ActiveCfg = Release|Any CPU
		{300F650B-F47F-453F-B644-E7D1DCACC5C7}.Release|Mixed Platforms.Build.0 = Release|Any CPU
		{300F650B-F47F-453F-B644-E7D1DCACC5C7}.Release|x86.ActiveCfg = Release|Any CPU
		{300F650B-F47F-453F-B644-E7D1DCACC5C7}.Release|x86.Build.0 = Release|Any CPU
		{72A9BC79-7191-4E83-BF51-90D745C784E3}.Debug|Any CPU.ActiveCfg = Debug|Any CPU
		{72A9BC79-7191-4E83-BF51-90D745C784E3}.Debug|Any CPU.Build.0 = Debug|Any CPU
		{72A9BC79-7191-4E83-BF51-90D745C784E3}.Debug|Mixed Platforms.ActiveCfg = Debug|Any CPU
		{72A9BC79-7191-4E83-BF51-90D745C784E3}.Debug|Mixed Platforms.Build.0 = Debug|Any CPU
		{72A9BC79-7191-4E83-BF51-90D745C784E3}.Debug|x86.ActiveCfg = Debug|Any CPU
		{72A9BC79-7191-4E83-BF51-90D745C784E3}.Debug|x86.Build.0 = Debug|Any CPU
		{72A9BC79-7191-4E83-BF51-90D745C784E3}.Release|Any CPU.ActiveCfg = Release|Any CPU
		{72A9BC79-7191-4E83-BF51-90D745C784E3}.Release|Any CPU.Build.0 = Release|Any CPU
		{72A9BC79-7191-4E83-BF51-90D745C784E3}.Release|Mixed Platforms.ActiveCfg = Release|Any CPU
		{72A9BC79-7191-4E83-BF51-90D745C784E3}.Release|Mixed Platforms.Build.0 = Release|Any CPU
		{72A9BC79-7191-4E83-BF51-90D745C784E3}.Release|x86.ActiveCfg = Release|Any CPU
		{72A9BC79-7191-4E83-BF51-90D745C784E3}.Release|x86.Build.0 = Release|Any CPU
		{3EAE7675-7AA9-4218-8A7E-D1FA34BAFFF5}.Debug|Any CPU.ActiveCfg = Debug|Any CPU
		{3EAE7675-7AA9-4218-8A7E-D1FA34BAFFF5}.Debug|Any CPU.Build.0 = Debug|Any CPU
		{3EAE7675-7AA9-4218-8A7E-D1FA34BAFFF5}.Debug|Mixed Platforms.ActiveCfg = Debug|Any CPU
		{3EAE7675-7AA9-4218-8A7E-D1FA34BAFFF5}.Debug|Mixed Platforms.Build.0 = Debug|Any CPU
		{3EAE7675-7AA9-4218-8A7E-D1FA34BAFFF5}.Debug|x86.ActiveCfg = Debug|Any CPU
		{3EAE7675-7AA9-4218-8A7E-D1FA34BAFFF5}.Debug|x86.Build.0 = Debug|Any CPU
		{3EAE7675-7AA9-4218-8A7E-D1FA34BAFFF5}.Release|Any CPU.ActiveCfg = Release|Any CPU
		{3EAE7675-7AA9-4218-8A7E-D1FA34BAFFF5}.Release|Any CPU.Build.0 = Release|Any CPU
		{3EAE7675-7AA9-4218-8A7E-D1FA34BAFFF5}.Release|Mixed Platforms.ActiveCfg = Release|Any CPU
		{3EAE7675-7AA9-4218-8A7E-D1FA34BAFFF5}.Release|Mixed Platforms.Build.0 = Release|Any CPU
		{3EAE7675-7AA9-4218-8A7E-D1FA34BAFFF5}.Release|x86.ActiveCfg = Release|Any CPU
		{3EAE7675-7AA9-4218-8A7E-D1FA34BAFFF5}.Release|x86.Build.0 = Release|Any CPU
		{14FABD69-25E2-4E32-99B0-D627C7FABB8F}.Debug|Any CPU.ActiveCfg = Debug|Any CPU
		{14FABD69-25E2-4E32-99B0-D627C7FABB8F}.Debug|Any CPU.Build.0 = Debug|Any CPU
		{14FABD69-25E2-4E32-99B0-D627C7FABB8F}.Debug|Mixed Platforms.ActiveCfg = Debug|Any CPU
		{14FABD69-25E2-4E32-99B0-D627C7FABB8F}.Debug|Mixed Platforms.Build.0 = Debug|Any CPU
		{14FABD69-25E2-4E32-99B0-D627C7FABB8F}.Debug|x86.ActiveCfg = Debug|Any CPU
		{14FABD69-25E2-4E32-99B0-D627C7FABB8F}.Debug|x86.Build.0 = Debug|Any CPU
		{14FABD69-25E2-4E32-99B0-D627C7FABB8F}.Release|Any CPU.ActiveCfg = Release|Any CPU
		{14FABD69-25E2-4E32-99B0-D627C7FABB8F}.Release|Any CPU.Build.0 = Release|Any CPU
		{14FABD69-25E2-4E32-99B0-D627C7FABB8F}.Release|Mixed Platforms.ActiveCfg = Release|Any CPU
		{14FABD69-25E2-4E32-99B0-D627C7FABB8F}.Release|Mixed Platforms.Build.0 = Release|Any CPU
		{14FABD69-25E2-4E32-99B0-D627C7FABB8F}.Release|x86.ActiveCfg = Release|Any CPU
		{14FABD69-25E2-4E32-99B0-D627C7FABB8F}.Release|x86.Build.0 = Release|Any CPU
		{80143C33-FF7F-410E-8EA3-D425645D7CBC}.Debug|Any CPU.ActiveCfg = Debug|Any CPU
		{80143C33-FF7F-410E-8EA3-D425645D7CBC}.Debug|Any CPU.Build.0 = Debug|Any CPU
		{80143C33-FF7F-410E-8EA3-D425645D7CBC}.Debug|Mixed Platforms.ActiveCfg = Debug|Any CPU
		{80143C33-FF7F-410E-8EA3-D425645D7CBC}.Debug|Mixed Platforms.Build.0 = Debug|Any CPU
		{80143C33-FF7F-410E-8EA3-D425645D7CBC}.Debug|x86.ActiveCfg = Debug|Any CPU
		{80143C33-FF7F-410E-8EA3-D425645D7CBC}.Debug|x86.Build.0 = Debug|Any CPU
		{80143C33-FF7F-410E-8EA3-D425645D7CBC}.Release|Any CPU.ActiveCfg = Release|Any CPU
		{80143C33-FF7F-410E-8EA3-D425645D7CBC}.Release|Any CPU.Build.0 = Release|Any CPU
		{80143C33-FF7F-410E-8EA3-D425645D7CBC}.Release|Mixed Platforms.ActiveCfg = Release|Any CPU
		{80143C33-FF7F-410E-8EA3-D425645D7CBC}.Release|Mixed Platforms.Build.0 = Release|Any CPU
		{80143C33-FF7F-410E-8EA3-D425645D7CBC}.Release|x86.ActiveCfg = Release|Any CPU
		{80143C33-FF7F-410E-8EA3-D425645D7CBC}.Release|x86.Build.0 = Release|Any CPU
	EndGlobalSection
	GlobalSection(SolutionProperties) = preSolution
		HideSolutionNode = FALSE
	EndGlobalSection
	GlobalSection(ExtensibilityGlobals) = postSolution
		SolutionGuid = {8681D18C-AF32-439A-AB4D-FA5D72E0ED50}
	EndGlobalSection
EndGlobal
