
Microsoft Visual Studio Solution File, Format Version 12.00
# Visual Studio 2012
Project("{FAE04EC0-301F-11D3-BF4B-00C04F79EFBC}") = "ConsoleApplication1", "ConsoleApplication1\ConsoleApplication1.csproj", "{4FAC71ED-E718-493D-8E6C-3DA057DE5FA2}"
EndProject
Project("{FAE04EC0-301F-11D3-BF4B-00C04F79EFBC}") = "OrderData_BL", "OrderData_BL\OrderData_BL.csproj", "{83B70CEF-AFF4-4DC2-8659-4764D32352D3}"
EndProject
Project("{FAE04EC0-301F-11D3-BF4B-00C04F79EFBC}") = "OrderData_DL", "OrderData_DL\OrderData_DL.csproj", "{B40E4F80-ED49-432B-9B0B-E889506D9895}"
EndProject
Global
	GlobalSection(SolutionConfigurationPlatforms) = preSolution
		Debug|Any CPU = Debug|Any CPU
		Release|Any CPU = Release|Any CPU
	EndGlobalSection
	GlobalSection(ProjectConfigurationPlatforms) = postSolution
		{4FAC71ED-E718-493D-8E6C-3DA057DE5FA2}.Debug|Any CPU.ActiveCfg = Debug|Any CPU
		{4FAC71ED-E718-493D-8E6C-3DA057DE5FA2}.Debug|Any CPU.Build.0 = Debug|Any CPU
		{4FAC71ED-E718-493D-8E6C-3DA057DE5FA2}.Release|Any CPU.ActiveCfg = Release|Any CPU
		{4FAC71ED-E718-493D-8E6C-3DA057DE5FA2}.Release|Any CPU.Build.0 = Release|Any CPU
		{83B70CEF-AFF4-4DC2-8659-4764D32352D3}.Debug|Any CPU.ActiveCfg = Debug|Any CPU
		{83B70CEF-AFF4-4DC2-8659-4764D32352D3}.Debug|Any CPU.Build.0 = Debug|Any CPU
		{83B70CEF-AFF4-4DC2-8659-4764D32352D3}.Release|Any CPU.ActiveCfg = Release|Any CPU
		{83B70CEF-AFF4-4DC2-8659-4764D32352D3}.Release|Any CPU.Build.0 = Release|Any CPU
		{B40E4F80-ED49-432B-9B0B-E889506D9895}.Debug|Any CPU.ActiveCfg = Debug|Any CPU
		{B40E4F80-ED49-432B-9B0B-E889506D9895}.Debug|Any CPU.Build.0 = Debug|Any CPU
		{B40E4F80-ED49-432B-9B0B-E889506D9895}.Release|Any CPU.ActiveCfg = Release|Any CPU
		{B40E4F80-ED49-432B-9B0B-E889506D9895}.Release|Any CPU.Build.0 = Release|Any CPU
	EndGlobalSection
	GlobalSection(SolutionProperties) = preSolution
		HideSolutionNode = FALSE
	EndGlobalSection
EndGlobal
